
Microsoft Visual Studio Solution File, Format Version 12.00
# Visual Studio Version 17
VisualStudioVersion = 17.6.33829.357
MinimumVisualStudioVersion = 10.0.40219.1
Project("{9A19103F-16F7-4668-BE54-9A1E7A4F7556}") = "SnakeGameProjec", "TestFN2\SnakeGameProjec.csproj", "{DBEB1FC7-89EE-4683-9C18-4BB7428F651D}"
EndProject
Global
	GlobalSection(SolutionConfigurationPlatforms) = preSolution
		Debug|Any CPU = Debug|Any CPU
		Release|Any CPU = Release|Any CPU
	EndGlobalSection
	GlobalSection(ProjectConfigurationPlatforms) = postSolution
		{DBEB1FC7-89EE-4683-9C18-4BB7428F651D}.Debug|Any CPU.ActiveCfg = Debug|Any CPU
		{DBEB1FC7-89EE-4683-9C18-4BB7428F651D}.Debug|Any CPU.Build.0 = Debug|Any CPU
		{DBEB1FC7-89EE-4683-9C18-4BB7428F651D}.Release|Any CPU.ActiveCfg = Release|Any CPU
		{DBEB1FC7-89EE-4683-9C18-4BB7428F651D}.Release|Any CPU.Build.0 = Release|Any CPU
	EndGlobalSection
	GlobalSection(SolutionProperties) = preSolution
		HideSolutionNode = FALSE
	EndGlobalSection
	GlobalSection(ExtensibilityGlobals) = postSolution
		SolutionGuid = {AACCB7D4-F96B-4703-BEEB-774AFDB64E4B}
	EndGlobalSection
EndGlobal
